// !$*UTF8*$!
{
	archiveVersion = 1;
	classes = {
	};
	objectVersion = 56;
	objects = {

/* Begin PBXBuildFile section */
		6E42BB8C2AEBB07D00F70D73 /* iOS_School_ProjectApp.swift in Sources */ = {isa = PBXBuildFile; fileRef = 6E42BB8B2AEBB07D00F70D73 /* iOS_School_ProjectApp.swift */; };
		6E42BB8E2AEBB07D00F70D73 /* WeatherAppView.swift in Sources */ = {isa = PBXBuildFile; fileRef = 6E42BB8D2AEBB07D00F70D73 /* WeatherAppView.swift */; };
		6E42BB902AEBB08000F70D73 /* Assets.xcassets in Resources */ = {isa = PBXBuildFile; fileRef = 6E42BB8F2AEBB08000F70D73 /* Assets.xcassets */; };
		6E42BB932AEBB08000F70D73 /* Preview Assets.xcassets in Resources */ = {isa = PBXBuildFile; fileRef = 6E42BB922AEBB08000F70D73 /* Preview Assets.xcassets */; };
		6E42BB9C2AED6BB800F70D73 /* WeatherCity.swift in Sources */ = {isa = PBXBuildFile; fileRef = 6E42BB9B2AED6BB800F70D73 /* WeatherCity.swift */; };
		6E42BB9F2AED6DA500F70D73 /* Location.swift in Sources */ = {isa = PBXBuildFile; fileRef = 6E42BB9E2AED6DA500F70D73 /* Location.swift */; };
		6E42BBA12AED6DB400F70D73 /* Pollution.swift in Sources */ = {isa = PBXBuildFile; fileRef = 6E42BBA02AED6DB400F70D73 /* Pollution.swift */; };
		6E42BBA32AED6DCB00F70D73 /* Weather.swift in Sources */ = {isa = PBXBuildFile; fileRef = 6E42BBA22AED6DCB00F70D73 /* Weather.swift */; };
		6E42BBA52AED6E3400F70D73 /* LocalWeatherCityDataProvider.swift in Sources */ = {isa = PBXBuildFile; fileRef = 6E42BBA42AED6E3400F70D73 /* LocalWeatherCityDataProvider.swift */; };
		6E42BBA72AED73EB00F70D73 /* WeatherViewModel.swift in Sources */ = {isa = PBXBuildFile; fileRef = 6E42BBA62AED73EB00F70D73 /* WeatherViewModel.swift */; };
		6E68C8A12AEE4D24008EF6FD /* AddCityView.swift in Sources */ = {isa = PBXBuildFile; fileRef = 6E68C8A02AEE4D24008EF6FD /* AddCityView.swift */; };
		6E68C8A32AEE5860008EF6FD /* DetailsWeatherView.swift in Sources */ = {isa = PBXBuildFile; fileRef = 6E68C8A22AEE5860008EF6FD /* DetailsWeatherView.swift */; };
		6E68C8A52AEE79CB008EF6FD /* WeatherViews.swift in Sources */ = {isa = PBXBuildFile; fileRef = 6E68C8A42AEE79CB008EF6FD /* WeatherViews.swift */; };
		6E68C8A82AEE88F6008EF6FD /* Utilities.swift in Sources */ = {isa = PBXBuildFile; fileRef = 6E68C8A72AEE88F6008EF6FD /* Utilities.swift */; };
		6E68C8AA2AEE90DA008EF6FD /* City.swift in Sources */ = {isa = PBXBuildFile; fileRef = 6E68C8A92AEE90DA008EF6FD /* City.swift */; };
		6E68C8AC2AEE9448008EF6FD /* LocalLocationDataProvider.swift in Sources */ = {isa = PBXBuildFile; fileRef = 6E68C8AB2AEE9448008EF6FD /* LocalLocationDataProvider.swift */; };
		6ECFEF252B0BCD230055F096 /* ApiService.swift in Sources */ = {isa = PBXBuildFile; fileRef = 6ECFEF242B0BCD230055F096 /* ApiService.swift */; };
		6ECFEF272B0BD0870055F096 /* WeatherApiService.swift in Sources */ = {isa = PBXBuildFile; fileRef = 6ECFEF262B0BD0870055F096 /* WeatherApiService.swift */; };
		6EF7EFE22AEFC820006205BC /* Extentions.swift in Sources */ = {isa = PBXBuildFile; fileRef = 6EF7EFE12AEFC820006205BC /* Extentions.swift */; };
		6EF7EFE42AF2E753006205BC /* LocationRequestView.swift in Sources */ = {isa = PBXBuildFile; fileRef = 6EF7EFE32AF2E753006205BC /* LocationRequestView.swift */; };
		6EF7EFE62AF2E790006205BC /* LocationManager.swift in Sources */ = {isa = PBXBuildFile; fileRef = 6EF7EFE52AF2E790006205BC /* LocationManager.swift */; };
		6EF7EFEA2AF3E5EA006205BC /* WeatherError.swift in Sources */ = {isa = PBXBuildFile; fileRef = 6EF7EFE92AF3E5EA006205BC /* WeatherError.swift */; };
		6EF7EFED2AF3F8E1006205BC /* AddCityViewModel.swift in Sources */ = {isa = PBXBuildFile; fileRef = 6EF7EFEC2AF3F8E1006205BC /* AddCityViewModel.swift */; };
/* End PBXBuildFile section */

/* Begin PBXFileReference section */
		6E42BB882AEBB07D00F70D73 /* Weather App.app */ = {isa = PBXFileReference; explicitFileType = wrapper.application; includeInIndex = 0; path = "Weather App.app"; sourceTree = BUILT_PRODUCTS_DIR; };
		6E42BB8B2AEBB07D00F70D73 /* iOS_School_ProjectApp.swift */ = {isa = PBXFileReference; lastKnownFileType = sourcecode.swift; path = iOS_School_ProjectApp.swift; sourceTree = "<group>"; };
		6E42BB8D2AEBB07D00F70D73 /* WeatherAppView.swift */ = {isa = PBXFileReference; lastKnownFileType = sourcecode.swift; path = WeatherAppView.swift; sourceTree = "<group>"; };
		6E42BB8F2AEBB08000F70D73 /* Assets.xcassets */ = {isa = PBXFileReference; lastKnownFileType = folder.assetcatalog; path = Assets.xcassets; sourceTree = "<group>"; };
		6E42BB922AEBB08000F70D73 /* Preview Assets.xcassets */ = {isa = PBXFileReference; lastKnownFileType = folder.assetcatalog; path = "Preview Assets.xcassets"; sourceTree = "<group>"; };
		6E42BB9B2AED6BB800F70D73 /* WeatherCity.swift */ = {isa = PBXFileReference; lastKnownFileType = sourcecode.swift; path = WeatherCity.swift; sourceTree = "<group>"; };
		6E42BB9E2AED6DA500F70D73 /* Location.swift */ = {isa = PBXFileReference; lastKnownFileType = sourcecode.swift; path = Location.swift; sourceTree = "<group>"; };
		6E42BBA02AED6DB400F70D73 /* Pollution.swift */ = {isa = PBXFileReference; lastKnownFileType = sourcecode.swift; path = Pollution.swift; sourceTree = "<group>"; };
		6E42BBA22AED6DCB00F70D73 /* Weather.swift */ = {isa = PBXFileReference; lastKnownFileType = sourcecode.swift; path = Weather.swift; sourceTree = "<group>"; };
		6E42BBA42AED6E3400F70D73 /* LocalWeatherCityDataProvider.swift */ = {isa = PBXFileReference; lastKnownFileType = sourcecode.swift; path = LocalWeatherCityDataProvider.swift; sourceTree = "<group>"; };
		6E42BBA62AED73EB00F70D73 /* WeatherViewModel.swift */ = {isa = PBXFileReference; lastKnownFileType = sourcecode.swift; path = WeatherViewModel.swift; sourceTree = "<group>"; };
		6E68C8A02AEE4D24008EF6FD /* AddCityView.swift */ = {isa = PBXFileReference; lastKnownFileType = sourcecode.swift; path = AddCityView.swift; sourceTree = "<group>"; };
		6E68C8A22AEE5860008EF6FD /* DetailsWeatherView.swift */ = {isa = PBXFileReference; lastKnownFileType = sourcecode.swift; path = DetailsWeatherView.swift; sourceTree = "<group>"; };
		6E68C8A42AEE79CB008EF6FD /* WeatherViews.swift */ = {isa = PBXFileReference; lastKnownFileType = sourcecode.swift; path = WeatherViews.swift; sourceTree = "<group>"; };
		6E68C8A72AEE88F6008EF6FD /* Utilities.swift */ = {isa = PBXFileReference; lastKnownFileType = sourcecode.swift; path = Utilities.swift; sourceTree = "<group>"; };
		6E68C8A92AEE90DA008EF6FD /* City.swift */ = {isa = PBXFileReference; lastKnownFileType = sourcecode.swift; path = City.swift; sourceTree = "<group>"; };
		6E68C8AB2AEE9448008EF6FD /* LocalLocationDataProvider.swift */ = {isa = PBXFileReference; lastKnownFileType = sourcecode.swift; path = LocalLocationDataProvider.swift; sourceTree = "<group>"; };
		6ECFEF242B0BCD230055F096 /* ApiService.swift */ = {isa = PBXFileReference; lastKnownFileType = sourcecode.swift; path = ApiService.swift; sourceTree = "<group>"; };
		6ECFEF262B0BD0870055F096 /* WeatherApiService.swift */ = {isa = PBXFileReference; lastKnownFileType = sourcecode.swift; path = WeatherApiService.swift; sourceTree = "<group>"; };
		6EF7EFE12AEFC820006205BC /* Extentions.swift */ = {isa = PBXFileReference; lastKnownFileType = sourcecode.swift; path = Extentions.swift; sourceTree = "<group>"; };
		6EF7EFE32AF2E753006205BC /* LocationRequestView.swift */ = {isa = PBXFileReference; lastKnownFileType = sourcecode.swift; path = LocationRequestView.swift; sourceTree = "<group>"; };
		6EF7EFE52AF2E790006205BC /* LocationManager.swift */ = {isa = PBXFileReference; lastKnownFileType = sourcecode.swift; path = LocationManager.swift; sourceTree = "<group>"; };
		6EF7EFE92AF3E5EA006205BC /* WeatherError.swift */ = {isa = PBXFileReference; lastKnownFileType = sourcecode.swift; path = WeatherError.swift; sourceTree = "<group>"; };
		6EF7EFEC2AF3F8E1006205BC /* AddCityViewModel.swift */ = {isa = PBXFileReference; lastKnownFileType = sourcecode.swift; path = AddCityViewModel.swift; sourceTree = "<group>"; };
/* End PBXFileReference section */

/* Begin PBXFrameworksBuildPhase section */
		6E42BB852AEBB07D00F70D73 /* Frameworks */ = {
			isa = PBXFrameworksBuildPhase;
			buildActionMask = 2147483647;
			files = (
			);
			runOnlyForDeploymentPostprocessing = 0;
		};
/* End PBXFrameworksBuildPhase section */

/* Begin PBXGroup section */
		6E42BB7F2AEBB07D00F70D73 = {
			isa = PBXGroup;
			children = (
				6E42BB8A2AEBB07D00F70D73 /* iOS School Project */,
				6E42BB892AEBB07D00F70D73 /* Products */,
			);
			sourceTree = "<group>";
		};
		6E42BB892AEBB07D00F70D73 /* Products */ = {
			isa = PBXGroup;
			children = (
				6E42BB882AEBB07D00F70D73 /* Weather App.app */,
			);
			name = Products;
			sourceTree = "<group>";
		};
		6E42BB8A2AEBB07D00F70D73 /* iOS School Project */ = {
			isa = PBXGroup;
			children = (
				6ECFEF232B0BCC0A0055F096 /* Network */,
				6E68C8A62AEE88C3008EF6FD /* utils */,
				6E42BB9D2AED6D0700F70D73 /* data */,
				6E42BB9A2AED6B8C00F70D73 /* Views */,
				6EF7EFEB2AF3F804006205BC /* ViewModel */,
				6E42BB992AED6B7800F70D73 /* Model */,
				6E42BB8B2AEBB07D00F70D73 /* iOS_School_ProjectApp.swift */,
				6E42BB8F2AEBB08000F70D73 /* Assets.xcassets */,
				6E42BB912AEBB08000F70D73 /* Preview Content */,
			);
			path = "iOS School Project";
			sourceTree = "<group>";
		};
		6E42BB912AEBB08000F70D73 /* Preview Content */ = {
			isa = PBXGroup;
			children = (
				6E42BB922AEBB08000F70D73 /* Preview Assets.xcassets */,
			);
			path = "Preview Content";
			sourceTree = "<group>";
		};
		6E42BB992AED6B7800F70D73 /* Model */ = {
			isa = PBXGroup;
			children = (
				6E42BB9B2AED6BB800F70D73 /* WeatherCity.swift */,
				6E42BB9E2AED6DA500F70D73 /* Location.swift */,
				6E42BBA02AED6DB400F70D73 /* Pollution.swift */,
				6E42BBA22AED6DCB00F70D73 /* Weather.swift */,
				6E68C8A92AEE90DA008EF6FD /* City.swift */,
				6EF7EFE92AF3E5EA006205BC /* WeatherError.swift */,
			);
			path = Model;
			sourceTree = "<group>";
		};
		6E42BB9A2AED6B8C00F70D73 /* Views */ = {
			isa = PBXGroup;
			children = (
				6E68C8A42AEE79CB008EF6FD /* WeatherViews.swift */,
				6E68C8A22AEE5860008EF6FD /* DetailsWeatherView.swift */,
				6E68C8A02AEE4D24008EF6FD /* AddCityView.swift */,
				6E42BB8D2AEBB07D00F70D73 /* WeatherAppView.swift */,
				6EF7EFE32AF2E753006205BC /* LocationRequestView.swift */,
			);
			path = Views;
			sourceTree = "<group>";
		};
		6E42BB9D2AED6D0700F70D73 /* data */ = {
			isa = PBXGroup;
			children = (
				6E42BBA42AED6E3400F70D73 /* LocalWeatherCityDataProvider.swift */,
				6E68C8AB2AEE9448008EF6FD /* LocalLocationDataProvider.swift */,
			);
			path = data;
			sourceTree = "<group>";
		};
		6E68C8A62AEE88C3008EF6FD /* utils */ = {
			isa = PBXGroup;
			children = (
				6E68C8A72AEE88F6008EF6FD /* Utilities.swift */,
				6EF7EFE12AEFC820006205BC /* Extentions.swift */,
			);
			path = utils;
			sourceTree = "<group>";
		};
		6ECFEF232B0BCC0A0055F096 /* Network */ = {
			isa = PBXGroup;
			children = (
				6ECFEF242B0BCD230055F096 /* ApiService.swift */,
				6ECFEF262B0BD0870055F096 /* WeatherApiService.swift */,
			);
			path = Network;
			sourceTree = "<group>";
		};
		6EF7EFEB2AF3F804006205BC /* ViewModel */ = {
			isa = PBXGroup;
			children = (
				6E42BBA62AED73EB00F70D73 /* WeatherViewModel.swift */,
				6EF7EFE52AF2E790006205BC /* LocationManager.swift */,
				6EF7EFEC2AF3F8E1006205BC /* AddCityViewModel.swift */,
			);
			path = ViewModel;
			sourceTree = "<group>";
		};
/* End PBXGroup section */

/* Begin PBXNativeTarget section */
		6E42BB872AEBB07D00F70D73 /* iOS School Project */ = {
			isa = PBXNativeTarget;
			buildConfigurationList = 6E42BB962AEBB08000F70D73 /* Build configuration list for PBXNativeTarget "iOS School Project" */;
			buildPhases = (
				6E42BB842AEBB07D00F70D73 /* Sources */,
				6E42BB852AEBB07D00F70D73 /* Frameworks */,
				6E42BB862AEBB07D00F70D73 /* Resources */,
			);
			buildRules = (
			);
			dependencies = (
			);
			name = "iOS School Project";
			productName = "iOS School Project";
			productReference = 6E42BB882AEBB07D00F70D73 /* Weather App.app */;
			productType = "com.apple.product-type.application";
		};
/* End PBXNativeTarget section */

/* Begin PBXProject section */
		6E42BB802AEBB07D00F70D73 /* Project object */ = {
			isa = PBXProject;
			attributes = {
				BuildIndependentTargetsInParallel = 1;
				LastSwiftUpdateCheck = 1500;
				LastUpgradeCheck = 1500;
				TargetAttributes = {
					6E42BB872AEBB07D00F70D73 = {
						CreatedOnToolsVersion = 15.0.1;
					};
				};
			};
			buildConfigurationList = 6E42BB832AEBB07D00F70D73 /* Build configuration list for PBXProject "iOS School Project" */;
			compatibilityVersion = "Xcode 14.0";
			developmentRegion = en;
			hasScannedForEncodings = 0;
			knownRegions = (
				en,
				Base,
			);
			mainGroup = 6E42BB7F2AEBB07D00F70D73;
			productRefGroup = 6E42BB892AEBB07D00F70D73 /* Products */;
			projectDirPath = "";
			projectRoot = "";
			targets = (
				6E42BB872AEBB07D00F70D73 /* iOS School Project */,
			);
		};
/* End PBXProject section */

/* Begin PBXResourcesBuildPhase section */
		6E42BB862AEBB07D00F70D73 /* Resources */ = {
			isa = PBXResourcesBuildPhase;
			buildActionMask = 2147483647;
			files = (
				6E42BB932AEBB08000F70D73 /* Preview Assets.xcassets in Resources */,
				6E42BB902AEBB08000F70D73 /* Assets.xcassets in Resources */,
			);
			runOnlyForDeploymentPostprocessing = 0;
		};
/* End PBXResourcesBuildPhase section */

/* Begin PBXSourcesBuildPhase section */
		6E42BB842AEBB07D00F70D73 /* Sources */ = {
			isa = PBXSourcesBuildPhase;
			buildActionMask = 2147483647;
			files = (
				6E42BB9C2AED6BB800F70D73 /* WeatherCity.swift in Sources */,
				6EF7EFE62AF2E790006205BC /* LocationManager.swift in Sources */,
				6EF7EFE42AF2E753006205BC /* LocationRequestView.swift in Sources */,
				6E42BB8E2AEBB07D00F70D73 /* WeatherAppView.swift in Sources */,
				6ECFEF272B0BD0870055F096 /* WeatherApiService.swift in Sources */,
				6EF7EFE22AEFC820006205BC /* Extentions.swift in Sources */,
				6E68C8A52AEE79CB008EF6FD /* WeatherViews.swift in Sources */,
				6ECFEF252B0BCD230055F096 /* ApiService.swift in Sources */,
				6E42BBA12AED6DB400F70D73 /* Pollution.swift in Sources */,
				6E42BBA52AED6E3400F70D73 /* LocalWeatherCityDataProvider.swift in Sources */,
				6EF7EFEA2AF3E5EA006205BC /* WeatherError.swift in Sources */,
				6E42BB9F2AED6DA500F70D73 /* Location.swift in Sources */,
				6E68C8A82AEE88F6008EF6FD /* Utilities.swift in Sources */,
				6E68C8AC2AEE9448008EF6FD /* LocalLocationDataProvider.swift in Sources */,
				6E42BBA72AED73EB00F70D73 /* WeatherViewModel.swift in Sources */,
				6E42BBA32AED6DCB00F70D73 /* Weather.swift in Sources */,
				6EF7EFED2AF3F8E1006205BC /* AddCityViewModel.swift in Sources */,
				6E68C8A12AEE4D24008EF6FD /* AddCityView.swift in Sources */,
				6E68C8A32AEE5860008EF6FD /* DetailsWeatherView.swift in Sources */,
				6E68C8AA2AEE90DA008EF6FD /* City.swift in Sources */,
				6E42BB8C2AEBB07D00F70D73 /* iOS_School_ProjectApp.swift in Sources */,
			);
			runOnlyForDeploymentPostprocessing = 0;
		};
/* End PBXSourcesBuildPhase section */

/* Begin XCBuildConfiguration section */
		6E42BB942AEBB08000F70D73 /* Debug */ = {
			isa = XCBuildConfiguration;
			buildSettings = {
				ALWAYS_SEARCH_USER_PATHS = NO;
				ASSETCATALOG_COMPILER_GENERATE_SWIFT_ASSET_SYMBOL_EXTENSIONS = YES;
				CLANG_ANALYZER_NONNULL = YES;
				CLANG_ANALYZER_NUMBER_OBJECT_CONVERSION = YES_AGGRESSIVE;
				CLANG_CXX_LANGUAGE_STANDARD = "gnu++20";
				CLANG_ENABLE_MODULES = YES;
				CLANG_ENABLE_OBJC_ARC = YES;
				CLANG_ENABLE_OBJC_WEAK = YES;
				CLANG_WARN_BLOCK_CAPTURE_AUTORELEASING = YES;
				CLANG_WARN_BOOL_CONVERSION = YES;
				CLANG_WARN_COMMA = YES;
				CLANG_WARN_CONSTANT_CONVERSION = YES;
				CLANG_WARN_DEPRECATED_OBJC_IMPLEMENTATIONS = YES;
				CLANG_WARN_DIRECT_OBJC_ISA_USAGE = YES_ERROR;
				CLANG_WARN_DOCUMENTATION_COMMENTS = YES;
				CLANG_WARN_EMPTY_BODY = YES;
				CLANG_WARN_ENUM_CONVERSION = YES;
				CLANG_WARN_INFINITE_RECURSION = YES;
				CLANG_WARN_INT_CONVERSION = YES;
				CLANG_WARN_NON_LITERAL_NULL_CONVERSION = YES;
				CLANG_WARN_OBJC_IMPLICIT_RETAIN_SELF = YES;
				CLANG_WARN_OBJC_LITERAL_CONVERSION = YES;
				CLANG_WARN_OBJC_ROOT_CLASS = YES_ERROR;
				CLANG_WARN_QUOTED_INCLUDE_IN_FRAMEWORK_HEADER = YES;
				CLANG_WARN_RANGE_LOOP_ANALYSIS = YES;
				CLANG_WARN_STRICT_PROTOTYPES = YES;
				CLANG_WARN_SUSPICIOUS_MOVE = YES;
				CLANG_WARN_UNGUARDED_AVAILABILITY = YES_AGGRESSIVE;
				CLANG_WARN_UNREACHABLE_CODE = YES;
				CLANG_WARN__DUPLICATE_METHOD_MATCH = YES;
				COPY_PHASE_STRIP = NO;
				DEBUG_INFORMATION_FORMAT = dwarf;
				ENABLE_STRICT_OBJC_MSGSEND = YES;
				ENABLE_TESTABILITY = YES;
				ENABLE_USER_SCRIPT_SANDBOXING = YES;
				GCC_C_LANGUAGE_STANDARD = gnu17;
				GCC_DYNAMIC_NO_PIC = NO;
				GCC_NO_COMMON_BLOCKS = YES;
				GCC_OPTIMIZATION_LEVEL = 0;
				GCC_PREPROCESSOR_DEFINITIONS = (
					"DEBUG=1",
					"$(inherited)",
				);
				GCC_WARN_64_TO_32_BIT_CONVERSION = YES;
				GCC_WARN_ABOUT_RETURN_TYPE = YES_ERROR;
				GCC_WARN_UNDECLARED_SELECTOR = YES;
				GCC_WARN_UNINITIALIZED_AUTOS = YES_AGGRESSIVE;
				GCC_WARN_UNUSED_FUNCTION = YES;
				GCC_WARN_UNUSED_VARIABLE = YES;
				IPHONEOS_DEPLOYMENT_TARGET = 17.0;
				LOCALIZATION_PREFERS_STRING_CATALOGS = YES;
				MTL_ENABLE_DEBUG_INFO = INCLUDE_SOURCE;
				MTL_FAST_MATH = YES;
				ONLY_ACTIVE_ARCH = YES;
				SDKROOT = iphoneos;
				SWIFT_ACTIVE_COMPILATION_CONDITIONS = "DEBUG $(inherited)";
				SWIFT_OPTIMIZATION_LEVEL = "-Onone";
			};
			name = Debug;
		};
		6E42BB952AEBB08000F70D73 /* Release */ = {
			isa = XCBuildConfiguration;
			buildSettings = {
				ALWAYS_SEARCH_USER_PATHS = NO;
				ASSETCATALOG_COMPILER_GENERATE_SWIFT_ASSET_SYMBOL_EXTENSIONS = YES;
				CLANG_ANALYZER_NONNULL = YES;
				CLANG_ANALYZER_NUMBER_OBJECT_CONVERSION = YES_AGGRESSIVE;
				CLANG_CXX_LANGUAGE_STANDARD = "gnu++20";
				CLANG_ENABLE_MODULES = YES;
				CLANG_ENABLE_OBJC_ARC = YES;
				CLANG_ENABLE_OBJC_WEAK = YES;
				CLANG_WARN_BLOCK_CAPTURE_AUTORELEASING = YES;
				CLANG_WARN_BOOL_CONVERSION = YES;
				CLANG_WARN_COMMA = YES;
				CLANG_WARN_CONSTANT_CONVERSION = YES;
				CLANG_WARN_DEPRECATED_OBJC_IMPLEMENTATIONS = YES;
				CLANG_WARN_DIRECT_OBJC_ISA_USAGE = YES_ERROR;
				CLANG_WARN_DOCUMENTATION_COMMENTS = YES;
				CLANG_WARN_EMPTY_BODY = YES;
				CLANG_WARN_ENUM_CONVERSION = YES;
				CLANG_WARN_INFINITE_RECURSION = YES;
				CLANG_WARN_INT_CONVERSION = YES;
				CLANG_WARN_NON_LITERAL_NULL_CONVERSION = YES;
				CLANG_WARN_OBJC_IMPLICIT_RETAIN_SELF = YES;
				CLANG_WARN_OBJC_LITERAL_CONVERSION = YES;
				CLANG_WARN_OBJC_ROOT_CLASS = YES_ERROR;
				CLANG_WARN_QUOTED_INCLUDE_IN_FRAMEWORK_HEADER = YES;
				CLANG_WARN_RANGE_LOOP_ANALYSIS = YES;
				CLANG_WARN_STRICT_PROTOTYPES = YES;
				CLANG_WARN_SUSPICIOUS_MOVE = YES;
				CLANG_WARN_UNGUARDED_AVAILABILITY = YES_AGGRESSIVE;
				CLANG_WARN_UNREACHABLE_CODE = YES;
				CLANG_WARN__DUPLICATE_METHOD_MATCH = YES;
				COPY_PHASE_STRIP = NO;
				DEBUG_INFORMATION_FORMAT = "dwarf-with-dsym";
				ENABLE_NS_ASSERTIONS = NO;
				ENABLE_STRICT_OBJC_MSGSEND = YES;
				ENABLE_USER_SCRIPT_SANDBOXING = YES;
				GCC_C_LANGUAGE_STANDARD = gnu17;
				GCC_NO_COMMON_BLOCKS = YES;
				GCC_WARN_64_TO_32_BIT_CONVERSION = YES;
				GCC_WARN_ABOUT_RETURN_TYPE = YES_ERROR;
				GCC_WARN_UNDECLARED_SELECTOR = YES;
				GCC_WARN_UNINITIALIZED_AUTOS = YES_AGGRESSIVE;
				GCC_WARN_UNUSED_FUNCTION = YES;
				GCC_WARN_UNUSED_VARIABLE = YES;
				IPHONEOS_DEPLOYMENT_TARGET = 17.0;
				LOCALIZATION_PREFERS_STRING_CATALOGS = YES;
				MTL_ENABLE_DEBUG_INFO = NO;
				MTL_FAST_MATH = YES;
				SDKROOT = iphoneos;
				SWIFT_COMPILATION_MODE = wholemodule;
				VALIDATE_PRODUCT = YES;
			};
			name = Release;
		};
		6E42BB972AEBB08000F70D73 /* Debug */ = {
			isa = XCBuildConfiguration;
			buildSettings = {
				ASSETCATALOG_COMPILER_APPICON_NAME = AppIcon;
				ASSETCATALOG_COMPILER_GLOBAL_ACCENT_COLOR_NAME = AccentColor;
				CODE_SIGN_STYLE = Automatic;
				CURRENT_PROJECT_VERSION = 1;
				DEVELOPMENT_ASSET_PATHS = "\"iOS School Project/Preview Content\"";
				DEVELOPMENT_TEAM = Y36KHA486R;
				ENABLE_PREVIEWS = YES;
				GENERATE_INFOPLIST_FILE = YES;
				INFOPLIST_KEY_NSLocationWhenInUseUsageDescription = "Please allow us your location";
				INFOPLIST_KEY_UIApplicationSceneManifest_Generation = YES;
				INFOPLIST_KEY_UIApplicationSupportsIndirectInputEvents = YES;
				INFOPLIST_KEY_UILaunchScreen_Generation = YES;
				INFOPLIST_KEY_UISupportedInterfaceOrientations_iPad = "UIInterfaceOrientationPortrait UIInterfaceOrientationPortraitUpsideDown UIInterfaceOrientationLandscapeLeft UIInterfaceOrientationLandscapeRight";
				INFOPLIST_KEY_UISupportedInterfaceOrientations_iPhone = "UIInterfaceOrientationPortrait UIInterfaceOrientationLandscapeLeft UIInterfaceOrientationLandscapeRight";
				LD_RUNPATH_SEARCH_PATHS = (
					"$(inherited)",
					"@executable_path/Frameworks",
				);
				MARKETING_VERSION = 1.0;
				PRODUCT_BUNDLE_IDENTIFIER = "lorenz.iOS-School-Project";
				PRODUCT_NAME = "Weather App";
				SWIFT_EMIT_LOC_STRINGS = YES;
				SWIFT_VERSION = 5.0;
				TARGETED_DEVICE_FAMILY = "1,2";
			};
			name = Debug;
		};
		6E42BB982AEBB08000F70D73 /* Release */ = {
			isa = XCBuildConfiguration;
			buildSettings = {
				ASSETCATALOG_COMPILER_APPICON_NAME = AppIcon;
				ASSETCATALOG_COMPILER_GLOBAL_ACCENT_COLOR_NAME = AccentColor;
				CODE_SIGN_STYLE = Automatic;
				CURRENT_PROJECT_VERSION = 1;
				DEVELOPMENT_ASSET_PATHS = "\"iOS School Project/Preview Content\"";
				DEVELOPMENT_TEAM = Y36KHA486R;
				ENABLE_PREVIEWS = YES;
				GENERATE_INFOPLIST_FILE = YES;
				INFOPLIST_KEY_NSLocationWhenInUseUsageDescription = "Please allow us your location";
				INFOPLIST_KEY_UIApplicationSceneManifest_Generation = YES;
				INFOPLIST_KEY_UIApplicationSupportsIndirectInputEvents = YES;
				INFOPLIST_KEY_UILaunchScreen_Generation = YES;
				INFOPLIST_KEY_UISupportedInterfaceOrientations_iPad = "UIInterfaceOrientationPortrait UIInterfaceOrientationPortraitUpsideDown UIInterfaceOrientationLandscapeLeft UIInterfaceOrientationLandscapeRight";
				INFOPLIST_KEY_UISupportedInterfaceOrientations_iPhone = "UIInterfaceOrientationPortrait UIInterfaceOrientationLandscapeLeft UIInterfaceOrientationLandscapeRight";
				LD_RUNPATH_SEARCH_PATHS = (
					"$(inherited)",
					"@executable_path/Frameworks",
				);
				MARKETING_VERSION = 1.0;
				PRODUCT_BUNDLE_IDENTIFIER = "lorenz.iOS-School-Project";
				PRODUCT_NAME = "Weather App";
				SWIFT_EMIT_LOC_STRINGS = YES;
				SWIFT_VERSION = 5.0;
				TARGETED_DEVICE_FAMILY = "1,2";
			};
			name = Release;
		};
/* End XCBuildConfiguration section */

/* Begin XCConfigurationList section */
		6E42BB832AEBB07D00F70D73 /* Build configuration list for PBXProject "iOS School Project" */ = {
			isa = XCConfigurationList;
			buildConfigurations = (
				6E42BB942AEBB08000F70D73 /* Debug */,
				6E42BB952AEBB08000F70D73 /* Release */,
			);
			defaultConfigurationIsVisible = 0;
			defaultConfigurationName = Release;
		};
		6E42BB962AEBB08000F70D73 /* Build configuration list for PBXNativeTarget "iOS School Project" */ = {
			isa = XCConfigurationList;
			buildConfigurations = (
				6E42BB972AEBB08000F70D73 /* Debug */,
				6E42BB982AEBB08000F70D73 /* Release */,
			);
			defaultConfigurationIsVisible = 0;
			defaultConfigurationName = Release;
		};
/* End XCConfigurationList section */
	};
	rootObject = 6E42BB802AEBB07D00F70D73 /* Project object */;
}
